lockfileVersion: '9.0'

settings:
  autoInstallPeers: true
  excludeLinksFromLockfile: false

importers:

  .:
    dependencies:
      '@octokit/plugin-retry':
        specifier: ^8.0.1
        version: 8.0.1(@octokit/core@7.0.4)
      '@octokit/request-error':
        specifier: ^7.0.0
        version: 7.0.0
      '@octokit/rest':
        specifier: ^22.0.0
        version: 22.0.0
      commander:
        specifier: ^14.0.1
        version: 14.0.1
      yaml:
        specifier: ^2.8.1
        version: 2.8.1
      zod:
        specifier: ^4.1.9
        version: 4.1.9
    devDependencies:
      '@types/node':
        specifier: ^24.5.2
        version: 24.5.2
      typescript:
        specifier: ^5.9.2
        version: 5.9.2

packages:

  '@octokit/auth-token@6.0.0':
    resolution: {integrity: sha512-P4YJBPdPSpWTQ1NU4XYdvHvXJJDxM6YwpS0FZHRgP7YFkdVxsWcpWGy/NVqlAA7PcPCnMacXlRm1y2PFZRWL/w==}
    engines: {node: '>= 20'}

  '@octokit/core@7.0.4':
    resolution: {integrity: sha512-jOT8V1Ba5BdC79sKrRWDdMT5l1R+XNHTPR6CPWzUP2EcfAcvIHZWF0eAbmRcpOOP5gVIwnqNg0C4nvh6Abc3OA==}
    engines: {node: '>= 20'}

  '@octokit/endpoint@11.0.0':
    resolution: {integrity: sha512-hoYicJZaqISMAI3JfaDr1qMNi48OctWuOih1m80bkYow/ayPw6Jj52tqWJ6GEoFTk1gBqfanSoI1iY99Z5+ekQ==}
    engines: {node: '>= 20'}

  '@octokit/graphql@9.0.1':
    resolution: {integrity: sha512-j1nQNU1ZxNFx2ZtKmL4sMrs4egy5h65OMDmSbVyuCzjOcwsHq6EaYjOTGXPQxgfiN8dJ4CriYHk6zF050WEULg==}
    engines: {node: '>= 20'}

  '@octokit/openapi-types@25.1.0':
    resolution: {integrity: sha512-idsIggNXUKkk0+BExUn1dQ92sfysJrje03Q0bv0e+KPLrvyqZF8MnBpFz8UNfYDwB3Ie7Z0TByjWfzxt7vseaA==}

  '@octokit/openapi-types@26.0.0':
    resolution: {integrity: sha512-7AtcfKtpo77j7Ts73b4OWhOZHTKo/gGY8bB3bNBQz4H+GRSWqx2yvj8TXRsbdTE0eRmYmXOEY66jM7mJ7LzfsA==}

  '@octokit/plugin-paginate-rest@13.1.1':
    resolution: {integrity: sha512-q9iQGlZlxAVNRN2jDNskJW/Cafy7/XE52wjZ5TTvyhyOD904Cvx//DNyoO3J/MXJ0ve3rPoNWKEg5iZrisQSuw==}
    engines: {node: '>= 20'}
    peerDependencies:
      '@octokit/core': '>=6'

  '@octokit/plugin-request-log@6.0.0':
    resolution: {integrity: sha512-UkOzeEN3W91/eBq9sPZNQ7sUBvYCqYbrrD8gTbBuGtHEuycE4/awMXcYvx6sVYo7LypPhmQwwpUe4Yyu4QZN5Q==}
    engines: {node: '>= 20'}
    peerDependencies:
      '@octokit/core': '>=6'

  '@octokit/plugin-rest-endpoint-methods@16.1.0':
    resolution: {integrity: sha512-nCsyiKoGRnhH5LkH8hJEZb9swpqOcsW+VXv1QoyUNQXJeVODG4+xM6UICEqyqe9XFr6LkL8BIiFCPev8zMDXPw==}
    engines: {node: '>= 20'}
    peerDependencies:
      '@octokit/core': '>=6'

  '@octokit/plugin-retry@8.0.1':
    resolution: {integrity: sha512-KUoYR77BjF5O3zcwDQHRRZsUvJwepobeqiSSdCJ8lWt27FZExzb0GgVxrhhfuyF6z2B2zpO0hN5pteni1sqWiw==}
    engines: {node: '>= 20'}
    peerDependencies:
      '@octokit/core': '>=7'

  '@octokit/request-error@7.0.0':
    resolution: {integrity: sha512-KRA7VTGdVyJlh0cP5Tf94hTiYVVqmt2f3I6mnimmaVz4UG3gQV/k4mDJlJv3X67iX6rmN7gSHCF8ssqeMnmhZg==}
    engines: {node: '>= 20'}

  '@octokit/request@10.0.3':
    resolution: {integrity: sha512-V6jhKokg35vk098iBqp2FBKunk3kMTXlmq+PtbV9Gl3TfskWlebSofU9uunVKhUN7xl+0+i5vt0TGTG8/p/7HA==}
    engines: {node: '>= 20'}

  '@octokit/rest@22.0.0':
    resolution: {integrity: sha512-z6tmTu9BTnw51jYGulxrlernpsQYXpui1RK21vmXn8yF5bp6iX16yfTtJYGK5Mh1qDkvDOmp2n8sRMcQmR8jiA==}
    engines: {node: '>= 20'}

  '@octokit/types@14.1.0':
    resolution: {integrity: sha512-1y6DgTy8Jomcpu33N+p5w58l6xyt55Ar2I91RPiIA0xCJBXyUAhXCcmZaDWSANiha7R9a6qJJ2CRomGPZ6f46g==}

  '@octokit/types@15.0.0':
    resolution: {integrity: sha512-8o6yDfmoGJUIeR9OfYU0/TUJTnMPG2r68+1yEdUeG2Fdqpj8Qetg0ziKIgcBm0RW/j29H41WP37CYCEhp6GoHQ==}

  '@types/node@24.5.2':
    resolution: {integrity: sha512-FYxk1I7wPv3K2XBaoyH2cTnocQEu8AOZ60hPbsyukMPLv5/5qr7V1i8PLHdl6Zf87I+xZXFvPCXYjiTFq+YSDQ==}

  before-after-hook@4.0.0:
    resolution: {integrity: sha512-q6tR3RPqIB1pMiTRMFcZwuG5T8vwp+vUvEG0vuI6B+Rikh5BfPp2fQ82c925FOs+b0lcFQ8CFrL+KbilfZFhOQ==}

  bottleneck@2.19.5:
    resolution: {integrity: sha512-VHiNCbI1lKdl44tGrhNfU3lup0Tj/ZBMJB5/2ZbNXRCPuRCO7ed2mgcK4r17y+KB2EfuYuRaVlwNbAeaWGSpbw==}

  commander@14.0.1:
    resolution: {integrity: sha512-2JkV3gUZUVrbNA+1sjBOYLsMZ5cEEl8GTFP2a4AVz5hvasAMCQ1D2l2le/cX+pV4N6ZU17zjUahLpIXRrnWL8A==}
    engines: {node: '>=20'}

  fast-content-type-parse@3.0.0:
    resolution: {integrity: sha512-ZvLdcY8P+N8mGQJahJV5G4U88CSvT1rP8ApL6uETe88MBXrBHAkZlSEySdUlyztF7ccb+Znos3TFqaepHxdhBg==}

  typescript@5.9.2:
    resolution: {integrity: sha512-CWBzXQrc/qOkhidw1OzBTQuYRbfyxDXJMVJ1XNwUHGROVmuaeiEm3OslpZ1RV96d7SKKjZKrSJu3+t/xlw3R9A==}
    engines: {node: '>=14.17'}
    hasBin: true

  undici-types@7.12.0:
    resolution: {integrity: sha512-goOacqME2GYyOZZfb5Lgtu+1IDmAlAEu5xnD3+xTzS10hT0vzpf0SPjkXwAw9Jm+4n/mQGDP3LO8CPbYROeBfQ==}

  universal-user-agent@7.0.3:
    resolution: {integrity: sha512-TmnEAEAsBJVZM/AADELsK76llnwcf9vMKuPz8JflO1frO8Lchitr0fNaN9d+Ap0BjKtqWqd/J17qeDnXh8CL2A==}

  yaml@2.8.1:
    resolution: {integrity: sha512-lcYcMxX2PO9XMGvAJkJ3OsNMw+/7FKes7/hgerGUYWIoWu5j/+YQqcZr5JnPZWzOsEBgMbSbiSTn/dv/69Mkpw==}
    engines: {node: '>= 14.6'}
    hasBin: true

  zod@4.1.9:
    resolution: {integrity: sha512-HI32jTq0AUAC125z30E8bQNz0RQ+9Uc+4J7V97gLYjZVKRjeydPgGt6dvQzFrav7MYOUGFqqOGiHpA/fdbd0cQ==}

snapshots:

  '@octokit/auth-token@6.0.0': {}

  '@octokit/core@7.0.4':
    dependencies:
      '@octokit/auth-token': 6.0.0
      '@octokit/graphql': 9.0.1
      '@octokit/request': 10.0.3
      '@octokit/request-error': 7.0.0
      '@octokit/types': 15.0.0
      before-after-hook: 4.0.0
      universal-user-agent: 7.0.3

  '@octokit/endpoint@11.0.0':
    dependencies:
      '@octokit/types': 14.1.0
      universal-user-agent: 7.0.3

  '@octokit/graphql@9.0.1':
    dependencies:
      '@octokit/request': 10.0.3
      '@octokit/types': 14.1.0
      universal-user-agent: 7.0.3

  '@octokit/openapi-types@25.1.0': {}

  '@octokit/openapi-types@26.0.0': {}

  '@octokit/plugin-paginate-rest@13.1.1(@octokit/core@7.0.4)':
    dependencies:
      '@octokit/core': 7.0.4
      '@octokit/types': 14.1.0

  '@octokit/plugin-request-log@6.0.0(@octokit/core@7.0.4)':
    dependencies:
      '@octokit/core': 7.0.4

  '@octokit/plugin-rest-endpoint-methods@16.1.0(@octokit/core@7.0.4)':
    dependencies:
      '@octokit/core': 7.0.4
      '@octokit/types': 15.0.0

  '@octokit/plugin-retry@8.0.1(@octokit/core@7.0.4)':
    dependencies:
      '@octokit/core': 7.0.4
      '@octokit/request-error': 7.0.0
      '@octokit/types': 14.1.0
      bottleneck: 2.19.5

  '@octokit/request-error@7.0.0':
    dependencies:
      '@octokit/types': 14.1.0

  '@octokit/request@10.0.3':
    dependencies:
      '@octokit/endpoint': 11.0.0
      '@octokit/request-error': 7.0.0
      '@octokit/types': 14.1.0
      fast-content-type-parse: 3.0.0
      universal-user-agent: 7.0.3

  '@octokit/rest@22.0.0':
    dependencies:
      '@octokit/core': 7.0.4
      '@octokit/plugin-paginate-rest': 13.1.1(@octokit/core@7.0.4)
      '@octokit/plugin-request-log': 6.0.0(@octokit/core@7.0.4)
      '@octokit/plugin-rest-endpoint-methods': 16.1.0(@octokit/core@7.0.4)

  '@octokit/types@14.1.0':
    dependencies:
      '@octokit/openapi-types': 25.1.0

  '@octokit/types@15.0.0':
    dependencies:
      '@octokit/openapi-types': 26.0.0

  '@types/node@24.5.2':
    dependencies:
      undici-types: 7.12.0

  before-after-hook@4.0.0: {}

  bottleneck@2.19.5: {}

  commander@14.0.1: {}

  fast-content-type-parse@3.0.0: {}

  typescript@5.9.2: {}

  undici-types@7.12.0: {}

  universal-user-agent@7.0.3: {}

  yaml@2.8.1: {}

  zod@4.1.9: {}
